// !$*UTF8*$!
{
	archiveVersion = 1;
	classes = {
	};
	objectVersion = 48;
	objects = {

/* Begin PBXBuildFile section */
		0D56416916C6298E9C6BDCF3 /* Pods_bmhTimeSheet.framework in Frameworks */ = {isa = PBXBuildFile; fileRef = 9F17607D936B598478EAE896 /* Pods_bmhTimeSheet.framework */; };
		3DBEE85D2008A03D006D2314 /* AppDelegate.swift in Sources */ = {isa = PBXBuildFile; fileRef = 3DBEE85C2008A03D006D2314 /* AppDelegate.swift */; };
		3DBEE85F2008A03D006D2314 /* ViewController.swift in Sources */ = {isa = PBXBuildFile; fileRef = 3DBEE85E2008A03D006D2314 /* ViewController.swift */; };
		3DBEE8622008A03D006D2314 /* Main.storyboard in Resources */ = {isa = PBXBuildFile; fileRef = 3DBEE8602008A03D006D2314 /* Main.storyboard */; };
		3DBEE8642008A03D006D2314 /* Assets.xcassets in Resources */ = {isa = PBXBuildFile; fileRef = 3DBEE8632008A03D006D2314 /* Assets.xcassets */; };
		3DBEE8672008A03D006D2314 /* LaunchScreen.storyboard in Resources */ = {isa = PBXBuildFile; fileRef = 3DBEE8652008A03D006D2314 /* LaunchScreen.storyboard */; };
		3DBEE8732008A9F6006D2314 /* Employee.swift in Sources */ = {isa = PBXBuildFile; fileRef = 3DBEE8722008A9F6006D2314 /* Employee.swift */; };
		3DBEE8792008AB0C006D2314 /* TimeEntry.swift in Sources */ = {isa = PBXBuildFile; fileRef = 3DBEE8782008AB0C006D2314 /* TimeEntry.swift */; };
		3DFDBB35200BC23F001DEF77 /* CustomTableViewCell.swift in Sources */ = {isa = PBXBuildFile; fileRef = 3DFDBB33200BC23F001DEF77 /* CustomTableViewCell.swift */; };
		3DFDBB36200BC23F001DEF77 /* CustomTableViewCell.xib in Resources */ = {isa = PBXBuildFile; fileRef = 3DFDBB34200BC23F001DEF77 /* CustomTableViewCell.xib */; };
/* End PBXBuildFile section */

/* Begin PBXFileReference section */
		3BEC0B6BD706F7EEFFF2AE0D /* Pods-bmhTimeSheet.release.xcconfig */ = {isa = PBXFileReference; includeInIndex = 1; lastKnownFileType = text.xcconfig; name = "Pods-bmhTimeSheet.release.xcconfig"; path = "Pods/Target Support Files/Pods-bmhTimeSheet/Pods-bmhTimeSheet.release.xcconfig"; sourceTree = "<group>"; };
		3DBEE8592008A03D006D2314 /* bmhTimeSheet.app */ = {isa = PBXFileReference; explicitFileType = wrapper.application; includeInIndex = 0; path = bmhTimeSheet.app; sourceTree = BUILT_PRODUCTS_DIR; };
		3DBEE85C2008A03D006D2314 /* AppDelegate.swift */ = {isa = PBXFileReference; lastKnownFileType = sourcecode.swift; path = AppDelegate.swift; sourceTree = "<group>"; };
		3DBEE85E2008A03D006D2314 /* ViewController.swift */ = {isa = PBXFileReference; lastKnownFileType = sourcecode.swift; path = ViewController.swift; sourceTree = "<group>"; };
		3DBEE8612008A03D006D2314 /* Base */ = {isa = PBXFileReference; lastKnownFileType = file.storyboard; name = Base; path = Base.lproj/Main.storyboard; sourceTree = "<group>"; };
		3DBEE8632008A03D006D2314 /* Assets.xcassets */ = {isa = PBXFileReference; lastKnownFileType = folder.assetcatalog; path = Assets.xcassets; sourceTree = "<group>"; };
		3DBEE8662008A03D006D2314 /* Base */ = {isa = PBXFileReference; lastKnownFileType = file.storyboard; name = Base; path = Base.lproj/LaunchScreen.storyboard; sourceTree = "<group>"; };
		3DBEE8682008A03D006D2314 /* Info.plist */ = {isa = PBXFileReference; lastKnownFileType = text.plist.xml; path = Info.plist; sourceTree = "<group>"; };
		3DBEE8722008A9F6006D2314 /* Employee.swift */ = {isa = PBXFileReference; lastKnownFileType = sourcecode.swift; path = Employee.swift; sourceTree = "<group>"; };
		3DBEE8782008AB0C006D2314 /* TimeEntry.swift */ = {isa = PBXFileReference; lastKnownFileType = sourcecode.swift; path = TimeEntry.swift; sourceTree = "<group>"; };
		3DFDBB33200BC23F001DEF77 /* CustomTableViewCell.swift */ = {isa = PBXFileReference; lastKnownFileType = sourcecode.swift; path = CustomTableViewCell.swift; sourceTree = "<group>"; };
		3DFDBB34200BC23F001DEF77 /* CustomTableViewCell.xib */ = {isa = PBXFileReference; lastKnownFileType = file.xib; path = CustomTableViewCell.xib; sourceTree = "<group>"; };
		5AA69190A0B8F0CD7F0101F3 /* Pods-bmhTimeSheet.debug.xcconfig */ = {isa = PBXFileReference; includeInIndex = 1; lastKnownFileType = text.xcconfig; name = "Pods-bmhTimeSheet.debug.xcconfig"; path = "Pods/Target Support Files/Pods-bmhTimeSheet/Pods-bmhTimeSheet.debug.xcconfig"; sourceTree = "<group>"; };
		9F17607D936B598478EAE896 /* Pods_bmhTimeSheet.framework */ = {isa = PBXFileReference; explicitFileType = wrapper.framework; includeInIndex = 0; path = Pods_bmhTimeSheet.framework; sourceTree = BUILT_PRODUCTS_DIR; };
/* End PBXFileReference section */

/* Begin PBXFrameworksBuildPhase section */
		3DBEE8562008A03D006D2314 /* Frameworks */ = {
			isa = PBXFrameworksBuildPhase;
			buildActionMask = 2147483647;
			files = (
				0D56416916C6298E9C6BDCF3 /* Pods_bmhTimeSheet.framework in Frameworks */,
			);
			runOnlyForDeploymentPostprocessing = 0;
		};
/* End PBXFrameworksBuildPhase section */

/* Begin PBXGroup section */
		38722B2CA1B922F94868211A /* Pods */ = {
			isa = PBXGroup;
			children = (
				5AA69190A0B8F0CD7F0101F3 /* Pods-bmhTimeSheet.debug.xcconfig */,
				3BEC0B6BD706F7EEFFF2AE0D /* Pods-bmhTimeSheet.release.xcconfig */,
			);
			name = Pods;
			sourceTree = "<group>";
		};
		3DBEE8502008A03D006D2314 = {
			isa = PBXGroup;
			children = (
				3DBEE85B2008A03D006D2314 /* bmhTimeSheet */,
				3DBEE85A2008A03D006D2314 /* Products */,
				38722B2CA1B922F94868211A /* Pods */,
				7F734FE496FDF3BB83B6DF22 /* Frameworks */,
			);
			sourceTree = "<group>";
		};
		3DBEE85A2008A03D006D2314 /* Products */ = {
			isa = PBXGroup;
			children = (
				3DBEE8592008A03D006D2314 /* bmhTimeSheet.app */,
			);
			name = Products;
			sourceTree = "<group>";
		};
		3DBEE85B2008A03D006D2314 /* bmhTimeSheet */ = {
			isa = PBXGroup;
			children = (
				3DBEE8712008A9DC006D2314 /* Model */,
				3DBEE86F2008A99D006D2314 /* View */,
				3DBEE86E2008A975006D2314 /* Controller */,
				3DFDBB32200BC220001DEF77 /* Custom Table View Cell */,
				3DBEE8702008A9BD006D2314 /* Supporting Files */,
			);
			path = bmhTimeSheet;
			sourceTree = "<group>";
		};
		3DBEE86E2008A975006D2314 /* Controller */ = {
			isa = PBXGroup;
			children = (
				3DBEE85C2008A03D006D2314 /* AppDelegate.swift */,
				3DBEE85E2008A03D006D2314 /* ViewController.swift */,
			);
			path = Controller;
			sourceTree = "<group>";
		};
		3DBEE86F2008A99D006D2314 /* View */ = {
			isa = PBXGroup;
			children = (
				3DBEE8652008A03D006D2314 /* LaunchScreen.storyboard */,
				3DBEE8602008A03D006D2314 /* Main.storyboard */,
			);
			path = View;
			sourceTree = "<group>";
		};
		3DBEE8702008A9BD006D2314 /* Supporting Files */ = {
			isa = PBXGroup;
			children = (
				3DBEE8632008A03D006D2314 /* Assets.xcassets */,
				3DBEE8682008A03D006D2314 /* Info.plist */,
			);
			path = "Supporting Files";
			sourceTree = "<group>";
		};
		3DBEE8712008A9DC006D2314 /* Model */ = {
			isa = PBXGroup;
			children = (
				3DBEE8722008A9F6006D2314 /* Employee.swift */,
				3DBEE8782008AB0C006D2314 /* TimeEntry.swift */,
			);
			path = Model;
			sourceTree = "<group>";
		};
		3DFDBB32200BC220001DEF77 /* Custom Table View Cell */ = {
			isa = PBXGroup;
			children = (
				3DFDBB33200BC23F001DEF77 /* CustomTableViewCell.swift */,
				3DFDBB34200BC23F001DEF77 /* CustomTableViewCell.xib */,
			);
			path = "Custom Table View Cell";
			sourceTree = "<group>";
		};
		7F734FE496FDF3BB83B6DF22 /* Frameworks */ = {
			isa = PBXGroup;
			children = (
				9F17607D936B598478EAE896 /* Pods_bmhTimeSheet.framework */,
			);
			name = Frameworks;
			sourceTree = "<group>";
		};
/* End PBXGroup section */

/* Begin PBXNativeTarget section */
		3DBEE8582008A03D006D2314 /* bmhTimeSheet */ = {
			isa = PBXNativeTarget;
			buildConfigurationList = 3DBEE86B2008A03D006D2314 /* Build configuration list for PBXNativeTarget "bmhTimeSheet" */;
			buildPhases = (
				DA20D398EF436D4C59B27600 /* [CP] Check Pods Manifest.lock */,
				3DBEE8552008A03D006D2314 /* Sources */,
				3DBEE8562008A03D006D2314 /* Frameworks */,
				3DBEE8572008A03D006D2314 /* Resources */,
				70A5136BD1675FC5FDA27880 /* [CP] Embed Pods Frameworks */,
				86E8ED4F3E67A9BCF673135B /* [CP] Copy Pods Resources */,
			);
			buildRules = (
			);
			dependencies = (
			);
			name = bmhTimeSheet;
			productName = bmhTimeSheet;
			productReference = 3DBEE8592008A03D006D2314 /* bmhTimeSheet.app */;
			productType = "com.apple.product-type.application";
		};
/* End PBXNativeTarget section */

/* Begin PBXProject section */
		3DBEE8512008A03D006D2314 /* Project object */ = {
			isa = PBXProject;
			attributes = {
				LastSwiftUpdateCheck = 0920;
				LastUpgradeCheck = 0920;
				ORGANIZATIONNAME = WCTech;
				TargetAttributes = {
					3DBEE8582008A03D006D2314 = {
						CreatedOnToolsVersion = 9.2;
						ProvisioningStyle = Automatic;
					};
				};
			};
			buildConfigurationList = 3DBEE8542008A03D006D2314 /* Build configuration list for PBXProject "bmhTimeSheet" */;
			compatibilityVersion = "Xcode 8.0";
			developmentRegion = en;
			hasScannedForEncodings = 0;
			knownRegions = (
				en,
				Base,
			);
			mainGroup = 3DBEE8502008A03D006D2314;
			productRefGroup = 3DBEE85A2008A03D006D2314 /* Products */;
			projectDirPath = "";
			projectRoot = "";
			targets = (
				3DBEE8582008A03D006D2314 /* bmhTimeSheet */,
			);
		};
/* End PBXProject section */

/* Begin PBXResourcesBuildPhase section */
		3DBEE8572008A03D006D2314 /* Resources */ = {
			isa = PBXResourcesBuildPhase;
			buildActionMask = 2147483647;
			files = (
				3DBEE8672008A03D006D2314 /* LaunchScreen.storyboard in Resources */,
				3DBEE8642008A03D006D2314 /* Assets.xcassets in Resources */,
				3DFDBB36200BC23F001DEF77 /* CustomTableViewCell.xib in Resources */,
				3DBEE8622008A03D006D2314 /* Main.storyboard in Resources */,
			);
			runOnlyForDeploymentPostprocessing = 0;
		};
/* End PBXResourcesBuildPhase section */

/* Begin PBXShellScriptBuildPhase section */
		70A5136BD1675FC5FDA27880 /* [CP] Embed Pods Frameworks */ = {
			isa = PBXShellScriptBuildPhase;
			buildActionMask = 2147483647;
			files = (
			);
			inputPaths = (
				"${SRCROOT}/Pods/Target Support Files/Pods-bmhTimeSheet/Pods-bmhTimeSheet-frameworks.sh",
				"${BUILT_PRODUCTS_DIR}/Realm/Realm.framework",
				"${BUILT_PRODUCTS_DIR}/RealmSwift/RealmSwift.framework",
			);
			name = "[CP] Embed Pods Frameworks";
			outputPaths = (
				"${TARGET_BUILD_DIR}/${FRAMEWORKS_FOLDER_PATH}/Realm.framework",
				"${TARGET_BUILD_DIR}/${FRAMEWORKS_FOLDER_PATH}/RealmSwift.framework",
			);
			runOnlyForDeploymentPostprocessing = 0;
			shellPath = /bin/sh;
			shellScript = "\"${SRCROOT}/Pods/Target Support Files/Pods-bmhTimeSheet/Pods-bmhTimeSheet-frameworks.sh\"\n";
			showEnvVarsInLog = 0;
		};
		86E8ED4F3E67A9BCF673135B /* [CP] Copy Pods Resources */ = {
			isa = PBXShellScriptBuildPhase;
			buildActionMask = 2147483647;
			files = (
			);
			inputPaths = (
			);
			name = "[CP] Copy Pods Resources";
			outputPaths = (
			);
			runOnlyForDeploymentPostprocessing = 0;
			shellPath = /bin/sh;
			shellScript = "\"${SRCROOT}/Pods/Target Support Files/Pods-bmhTimeSheet/Pods-bmhTimeSheet-resources.sh\"\n";
			showEnvVarsInLog = 0;
		};
		DA20D398EF436D4C59B27600 /* [CP] Check Pods Manifest.lock */ = {
			isa = PBXShellScriptBuildPhase;
			buildActionMask = 2147483647;
			files = (
			);
			inputPaths = (
				"${PODS_PODFILE_DIR_PATH}/Podfile.lock",
				"${PODS_ROOT}/Manifest.lock",
			);
			name = "[CP] Check Pods Manifest.lock";
			outputPaths = (
				"$(DERIVED_FILE_DIR)/Pods-bmhTimeSheet-checkManifestLockResult.txt",
			);
			runOnlyForDeploymentPostprocessing = 0;
			shellPath = /bin/sh;
			shellScript = "diff \"${PODS_PODFILE_DIR_PATH}/Podfile.lock\" \"${PODS_ROOT}/Manifest.lock\" > /dev/null\nif [ $? != 0 ] ; then\n    # print error to STDERR\n    echo \"error: The sandbox is not in sync with the Podfile.lock. Run 'pod install' or update your CocoaPods installation.\" >&2\n    exit 1\nfi\n# This output is used by Xcode 'outputs' to avoid re-running this script phase.\necho \"SUCCESS\" > \"${SCRIPT_OUTPUT_FILE_0}\"\n";
			showEnvVarsInLog = 0;
		};
/* End PBXShellScriptBuildPhase section */

/* Begin PBXSourcesBuildPhase section */
		3DBEE8552008A03D006D2314 /* Sources */ = {
			isa = PBXSourcesBuildPhase;
			buildActionMask = 2147483647;
			files = (
				3DBEE85F2008A03D006D2314 /* ViewController.swift in Sources */,
				3DFDBB35200BC23F001DEF77 /* CustomTableViewCell.swift in Sources */,
				3DBEE8732008A9F6006D2314 /* Employee.swift in Sources */,
				3DBEE85D2008A03D006D2314 /* AppDelegate.swift in Sources */,
				3DBEE8792008AB0C006D2314 /* TimeEntry.swift in Sources */,
			);
			runOnlyForDeploymentPostprocessing = 0;
		};
/* End PBXSourcesBuildPhase section */

/* Begin PBXVariantGroup section */
		3DBEE8602008A03D006D2314 /* Main.storyboard */ = {
			isa = PBXVariantGroup;
			children = (
				3DBEE8612008A03D006D2314 /* Base */,
			);
			name = Main.storyboard;
			sourceTree = "<group>";
		};
		3DBEE8652008A03D006D2314 /* LaunchScreen.storyboard */ = {
			isa = PBXVariantGroup;
			children = (
				3DBEE8662008A03D006D2314 /* Base */,
			);
			name = LaunchScreen.storyboard;
			sourceTree = "<group>";
		};
/* End PBXVariantGroup section */

/* Begin XCBuildConfiguration section */
		3DBEE8692008A03D006D2314 /* Debug */ = {
			isa = XCBuildConfiguration;
			buildSettings = {
				ALWAYS_SEARCH_USER_PATHS = NO;
				CLANG_ANALYZER_NONNULL = YES;
				CLANG_ANALYZER_NUMBER_OBJECT_CONVERSION = YES_AGGRESSIVE;
				CLANG_CXX_LANGUAGE_STANDARD = "gnu++14";
				CLANG_CXX_LIBRARY = "libc++";
				CLANG_ENABLE_MODULES = YES;
				CLANG_ENABLE_OBJC_ARC = YES;
				CLANG_WARN_BLOCK_CAPTURE_AUTORELEASING = YES;
				CLANG_WARN_BOOL_CONVERSION = YES;
				CLANG_WARN_COMMA = YES;
				CLANG_WARN_CONSTANT_CONVERSION = YES;
				CLANG_WARN_DIRECT_OBJC_ISA_USAGE = YES_ERROR;
				CLANG_WARN_DOCUMENTATION_COMMENTS = YES;
				CLANG_WARN_EMPTY_BODY = YES;
				CLANG_WARN_ENUM_CONVERSION = YES;
				CLANG_WARN_INFINITE_RECURSION = YES;
				CLANG_WARN_INT_CONVERSION = YES;
				CLANG_WARN_NON_LITERAL_NULL_CONVERSION = YES;
				CLANG_WARN_OBJC_LITERAL_CONVERSION = YES;
				CLANG_WARN_OBJC_ROOT_CLASS = YES_ERROR;
				CLANG_WARN_RANGE_LOOP_ANALYSIS = YES;
				CLANG_WARN_STRICT_PROTOTYPES = YES;
				CLANG_WARN_SUSPICIOUS_MOVE = YES;
				CLANG_WARN_UNGUARDED_AVAILABILITY = YES_AGGRESSIVE;
				CLANG_WARN_UNREACHABLE_CODE = YES;
				CLANG_WARN__DUPLICATE_METHOD_MATCH = YES;
				CODE_SIGN_IDENTITY = "iPhone Developer";
				COPY_PHASE_STRIP = NO;
				DEBUG_INFORMATION_FORMAT = dwarf;
				ENABLE_STRICT_OBJC_MSGSEND = YES;
				ENABLE_TESTABILITY = YES;
				GCC_C_LANGUAGE_STANDARD = gnu11;
				GCC_DYNAMIC_NO_PIC = NO;
				GCC_NO_COMMON_BLOCKS = YES;
				GCC_OPTIMIZATION_LEVEL = 0;
				GCC_PREPROCESSOR_DEFINITIONS = (
					"DEBUG=1",
					"$(inherited)",
				);
				GCC_WARN_64_TO_32_BIT_CONVERSION = YES;
				GCC_WARN_ABOUT_RETURN_TYPE = YES_ERROR;
				GCC_WARN_UNDECLARED_SELECTOR = YES;
				GCC_WARN_UNINITIALIZED_AUTOS = YES_AGGRESSIVE;
				GCC_WARN_UNUSED_FUNCTION = YES;
				GCC_WARN_UNUSED_VARIABLE = YES;
				IPHONEOS_DEPLOYMENT_TARGET = 11.2;
				MTL_ENABLE_DEBUG_INFO = YES;
				ONLY_ACTIVE_ARCH = YES;
				SDKROOT = iphoneos;
				SWIFT_ACTIVE_COMPILATION_CONDITIONS = DEBUG;
				SWIFT_OPTIMIZATION_LEVEL = "-Onone";
			};
			name = Debug;
		};
		3DBEE86A2008A03D006D2314 /* Release */ = {
			isa = XCBuildConfiguration;
			buildSettings = {
				ALWAYS_SEARCH_USER_PATHS = NO;
				CLANG_ANALYZER_NONNULL = YES;
				CLANG_ANALYZER_NUMBER_OBJECT_CONVERSION = YES_AGGRESSIVE;
				CLANG_CXX_LANGUAGE_STANDARD = "gnu++14";
				CLANG_CXX_LIBRARY = "libc++";
				CLANG_ENABLE_MODULES = YES;
				CLANG_ENABLE_OBJC_ARC = YES;
				CLANG_WARN_BLOCK_CAPTURE_AUTORELEASING = YES;
				CLANG_WARN_BOOL_CONVERSION = YES;
				CLANG_WARN_COMMA = YES;
				CLANG_WARN_CONSTANT_CONVERSION = YES;
				CLANG_WARN_DIRECT_OBJC_ISA_USAGE = YES_ERROR;
				CLANG_WARN_DOCUMENTATION_COMMENTS = YES;
				CLANG_WARN_EMPTY_BODY = YES;
				CLANG_WARN_ENUM_CONVERSION = YES;
				CLANG_WARN_INFINITE_RECURSION = YES;
				CLANG_WARN_INT_CONVERSION = YES;
				CLANG_WARN_NON_LITERAL_NULL_CONVERSION = YES;
				CLANG_WARN_OBJC_LITERAL_CONVERSION = YES;
				CLANG_WARN_OBJC_ROOT_CLASS = YES_ERROR;
				CLANG_WARN_RANGE_LOOP_ANALYSIS = YES;
				CLANG_WARN_STRICT_PROTOTYPES = YES;
				CLANG_WARN_SUSPICIOUS_MOVE = YES;
				CLANG_WARN_UNGUARDED_AVAILABILITY = YES_AGGRESSIVE;
				CLANG_WARN_UNREACHABLE_CODE = YES;
				CLANG_WARN__DUPLICATE_METHOD_MATCH = YES;
				CODE_SIGN_IDENTITY = "iPhone Developer";
				COPY_PHASE_STRIP = NO;
				DEBUG_INFORMATION_FORMAT = "dwarf-with-dsym";
				ENABLE_NS_ASSERTIONS = NO;
				ENABLE_STRICT_OBJC_MSGSEND = YES;
				GCC_C_LANGUAGE_STANDARD = gnu11;
				GCC_NO_COMMON_BLOCKS = YES;
				GCC_WARN_64_TO_32_BIT_CONVERSION = YES;
				GCC_WARN_ABOUT_RETURN_TYPE = YES_ERROR;
				GCC_WARN_UNDECLARED_SELECTOR = YES;
				GCC_WARN_UNINITIALIZED_AUTOS = YES_AGGRESSIVE;
				GCC_WARN_UNUSED_FUNCTION = YES;
				GCC_WARN_UNUSED_VARIABLE = YES;
				IPHONEOS_DEPLOYMENT_TARGET = 11.2;
				MTL_ENABLE_DEBUG_INFO = NO;
				SDKROOT = iphoneos;
				SWIFT_OPTIMIZATION_LEVEL = "-Owholemodule";
				VALIDATE_PRODUCT = YES;
			};
			name = Release;
		};
		3DBEE86C2008A03D006D2314 /* Debug */ = {
			isa = XCBuildConfiguration;
			baseConfigurationReference = 5AA69190A0B8F0CD7F0101F3 /* Pods-bmhTimeSheet.debug.xcconfig */;
			buildSettings = {
				ASSETCATALOG_COMPILER_APPICON_NAME = AppIcon;
				CODE_SIGN_STYLE = Automatic;
				DEVELOPMENT_TEAM = 4QM78MLWEF;
				INFOPLIST_FILE = "$(SRCROOT)/bmhTimeSheet/Supporting Files/Info.plist";
				LD_RUNPATH_SEARCH_PATHS = "$(inherited) @executable_path/Frameworks";
				PRODUCT_BUNDLE_IDENTIFIER = wctech.bmhTimeSheet;
				PRODUCT_NAME = "$(TARGET_NAME)";
				SWIFT_VERSION = 4.0;
				TARGETED_DEVICE_FAMILY = "1,2";
			};
			name = Debug;
		};
		3DBEE86D2008A03D006D2314 /* Release */ = {
			isa = XCBuildConfiguration;
			baseConfigurationReference = 3BEC0B6BD706F7EEFFF2AE0D /* Pods-bmhTimeSheet.release.xcconfig */;
			buildSettings = {
				ASSETCATALOG_COMPILER_APPICON_NAME = AppIcon;
				CODE_SIGN_STYLE = Automatic;
				DEVELOPMENT_TEAM = 4QM78MLWEF;
				INFOPLIST_FILE = "$(SRCROOT)/bmhTimeSheet/Supporting Files/Info.plist";
				LD_RUNPATH_SEARCH_PATHS = "$(inherited) @executable_path/Frameworks";
				PRODUCT_BUNDLE_IDENTIFIER = wctech.bmhTimeSheet;
				PRODUCT_NAME = "$(TARGET_NAME)";
				SWIFT_VERSION = 4.0;
				TARGETED_DEVICE_FAMILY = "1,2";
			};
			name = Release;
		};
/* End XCBuildConfiguration section */

/* Begin XCConfigurationList section */
		3DBEE8542008A03D006D2314 /* Build configuration list for PBXProject "bmhTimeSheet" */ = {
			isa = XCConfigurationList;
			buildConfigurations = (
				3DBEE8692008A03D006D2314 /* Debug */,
				3DBEE86A2008A03D006D2314 /* Release */,
			);
			defaultConfigurationIsVisible = 0;
			defaultConfigurationName = Release;
		};
		3DBEE86B2008A03D006D2314 /* Build configuration list for PBXNativeTarget "bmhTimeSheet" */ = {
			isa = XCConfigurationList;
			buildConfigurations = (
				3DBEE86C2008A03D006D2314 /* Debug */,
				3DBEE86D2008A03D006D2314 /* Release */,
			);
			defaultConfigurationIsVisible = 0;
			defaultConfigurationName = Release;
		};
/* End XCConfigurationList section */
	};
	rootObject = 3DBEE8512008A03D006D2314 /* Project object */;
}
